version = 1
revision = 1
requires-python = ">=3.12"
resolution-markers = [
    "sys_platform != 'darwin'",
    "sys_platform == 'darwin'",
]

[[package]]
name = "certifi"
version = "2022.12.7"
source = { registry = "https://pypi.org/simple" }
sdist = { url = "https://files.pythonhosted.org/packages/37/f7/2b1b0ec44fdc30a3d31dfebe52226be9ddc40cd6c0f34ffc8923ba423b69/certifi-2022.12.7.tar.gz", hash = "sha256:35824b4c3a97115964b408844d64aa14db1cc518f6562e8d7261699d1350a9e3", size = 156897 }
wheels = [
    { url = "https://files.pythonhosted.org/packages/71/4c/3db2b8021bd6f2f0ceb0e088d6b2d49147671f25832fb17970e9b583d742/certifi-2022.12.7-py3-none-any.whl", hash = "sha256:4ad3232f5e926d6718ec31cfc1fcadfde020920e278684144551c91769c7bc18", size = 155255 },
]

[[package]]
name = "charset-normalizer"
version = "2.1.1"
source = { registry = "https://pypi.org/simple" }
sdist = { url = "https://files.pythonhosted.org/packages/a1/34/44964211e5410b051e4b8d2869c470ae8a68ae274953b1c7de6d98bbcf94/charset-normalizer-2.1.1.tar.gz", hash = "sha256:5a3d016c7c547f69d6f81fb0db9449ce888b418b5b9952cc5e6e66843e9dd845", size = 82360 }
wheels = [
    { url = "https://files.pythonhosted.org/packages/db/51/a507c856293ab05cdc1db77ff4bc1268ddd39f29e7dc4919aa497f0adbec/charset_normalizer-2.1.1-py3-none-any.whl", hash = "sha256:83e9a75d1911279afd89352c68b45348559d1fc0506b054b346651b5e7fee29f", size = 39748 },
]

[[package]]
name = "colorama"
version = "0.4.6"
source = { registry = "https://pypi.org/simple" }
sdist = { url = "https://files.pythonhosted.org/packages/d8/53/6f443c9a4a8358a93a6792e2acffb9d9d5cb0a5cfd8802644b7b1c9a02e4/colorama-0.4.6.tar.gz", hash = "sha256:08695f5cb7ed6e0531a20572697297273c47b8cae5a63ffc6d6ed5c201be6e44", size = 27697 }
wheels = [
    { url = "https://files.pythonhosted.org/packages/d1/d6/3965ed04c63042e047cb6a3e6ed1a63a35087b6a609aa3a15ed8ac56c221/colorama-0.4.6-py2.py3-none-any.whl", hash = "sha256:4f1d9991f5acc0ca119f9d443620b77f9d6b33703e51011c16baf57afb285fc6", size = 25335 },
]

[[package]]
name = "filelock"
version = "3.13.1"
source = { registry = "https://pypi.org/simple" }
sdist = { url = "https://files.pythonhosted.org/packages/70/70/41905c80dcfe71b22fb06827b8eae65781783d4a14194bce79d16a013263/filelock-3.13.1.tar.gz", hash = "sha256:521f5f56c50f8426f5e03ad3b281b490a87ef15bc6c526f168290f0c7148d44e", size = 14553 }
wheels = [
    { url = "https://files.pythonhosted.org/packages/81/54/84d42a0bee35edba99dee7b59a8d4970eccdd44b99fe728ed912106fc781/filelock-3.13.1-py3-none-any.whl", hash = "sha256:57dbda9b35157b05fb3e58ee91448612eb674172fab98ee235ccb0b5bee19a1c", size = 11740 },
]

[[package]]
name = "fsspec"
version = "2024.6.1"
source = { registry = "https://pypi.org/simple" }
sdist = { url = "https://files.pythonhosted.org/packages/90/b6/eba5024a9889fcfff396db543a34bef0ab9d002278f163129f9f01005960/fsspec-2024.6.1.tar.gz", hash = "sha256:fad7d7e209dd4c1208e3bbfda706620e0da5142bebbd9c384afb95b07e798e49", size = 284584 }
wheels = [
    { url = "https://files.pythonhosted.org/packages/5e/44/73bea497ac69bafde2ee4269292fa3b41f1198f4bb7bbaaabde30ad29d4a/fsspec-2024.6.1-py3-none-any.whl", hash = "sha256:3cb443f8bcd2efb31295a5b9fdb02aee81d8452c80d28f97a6d0959e6cee101e", size = 177561 },
]

[[package]]
name = "hf-xet"
version = "1.1.9"
source = { registry = "https://pypi.org/simple" }
sdist = { url = "https://files.pythonhosted.org/packages/23/0f/5b60fc28ee7f8cc17a5114a584fd6b86e11c3e0a6e142a7f97a161e9640a/hf_xet-1.1.9.tar.gz", hash = "sha256:c99073ce404462e909f1d5839b2d14a3827b8fe75ed8aed551ba6609c026c803", size = 484242 }
wheels = [
    { url = "https://files.pythonhosted.org/packages/de/12/56e1abb9a44cdef59a411fe8a8673313195711b5ecce27880eb9c8fa90bd/hf_xet-1.1.9-cp37-abi3-macosx_10_12_x86_64.whl", hash = "sha256:a3b6215f88638dd7a6ff82cb4e738dcbf3d863bf667997c093a3c990337d1160", size = 2762553 },
    { url = "https://files.pythonhosted.org/packages/3a/e6/2d0d16890c5f21b862f5df3146519c182e7f0ae49b4b4bf2bd8a40d0b05e/hf_xet-1.1.9-cp37-abi3-macosx_11_0_arm64.whl", hash = "sha256:9b486de7a64a66f9a172f4b3e0dfe79c9f0a93257c501296a2521a13495a698a", size = 2623216 },
    { url = "https://files.pythonhosted.org/packages/81/42/7e6955cf0621e87491a1fb8cad755d5c2517803cea174229b0ec00ff0166/hf_xet-1.1.9-cp37-abi3-manylinux_2_17_x86_64.manylinux2014_x86_64.whl", hash = "sha256:a4c5a840c2c4e6ec875ed13703a60e3523bc7f48031dfd750923b2a4d1a5fc3c", size = 3186789 },
    { url = "https://files.pythonhosted.org/packages/df/8b/759233bce05457f5f7ec062d63bbfd2d0c740b816279eaaa54be92aa452a/hf_xet-1.1.9-cp37-abi3-manylinux_2_28_aarch64.whl", hash = "sha256:96a6139c9e44dad1c52c52520db0fffe948f6bce487cfb9d69c125f254bb3790", size = 3088747 },
    { url = "https://files.pythonhosted.org/packages/6c/3c/28cc4db153a7601a996985bcb564f7b8f5b9e1a706c7537aad4b4809f358/hf_xet-1.1.9-cp37-abi3-musllinux_1_2_aarch64.whl", hash = "sha256:ad1022e9a998e784c97b2173965d07fe33ee26e4594770b7785a8cc8f922cd95", size = 3251429 },
    { url = "https://files.pythonhosted.org/packages/84/17/7caf27a1d101bfcb05be85850d4aa0a265b2e1acc2d4d52a48026ef1d299/hf_xet-1.1.9-cp37-abi3-musllinux_1_2_x86_64.whl", hash = "sha256:86754c2d6d5afb11b0a435e6e18911a4199262fe77553f8c50d75e21242193ea", size = 3354643 },
    { url = "https://files.pythonhosted.org/packages/cd/50/0c39c9eed3411deadcc98749a6699d871b822473f55fe472fad7c01ec588/hf_xet-1.1.9-cp37-abi3-win_amd64.whl", hash = "sha256:5aad3933de6b725d61d51034e04174ed1dce7a57c63d530df0014dea15a40127", size = 2804797 },
]

[[package]]
name = "huggingface-hub"
version = "0.34.4"
source = { registry = "https://pypi.org/simple" }
dependencies = [
    { name = "filelock" },
    { name = "fsspec" },
    { name = "hf-xet", marker = "platform_machine == 'aarch64' or platform_machine == 'amd64' or platform_machine == 'arm64' or platform_machine == 'x86_64'" },
    { name = "packaging" },
    { name = "pyyaml" },
    { name = "requests" },
    { name = "tqdm" },
    { name = "typing-extensions" },
]
sdist = { url = "https://files.pythonhosted.org/packages/45/c9/bdbe19339f76d12985bc03572f330a01a93c04dffecaaea3061bdd7fb892/huggingface_hub-0.34.4.tar.gz", hash = "sha256:a4228daa6fb001be3f4f4bdaf9a0db00e1739235702848df00885c9b5742c85c", size = 459768 }
wheels = [
    { url = "https://files.pythonhosted.org/packages/39/7b/bb06b061991107cd8783f300adff3e7b7f284e330fd82f507f2a1417b11d/huggingface_hub-0.34.4-py3-none-any.whl", hash = "sha256:9b365d781739c93ff90c359844221beef048403f1bc1f1c123c191257c3c890a", size = 561452 },
]

[[package]]
name = "idna"
version = "3.4"
source = { registry = "https://pypi.org/simple" }
sdist = { url = "https://files.pythonhosted.org/packages/8b/e1/43beb3d38dba6cb420cefa297822eac205a277ab43e5ba5d5c46faf96438/idna-3.4.tar.gz", hash = "sha256:814f528e8dead7d329833b91c5faa87d60bf71824cd12a7530b5526063d02cb4", size = 183077 }
wheels = [
    { url = "https://files.pythonhosted.org/packages/fc/34/3030de6f1370931b9dbb4dad48f6ab1015ab1d32447850b9fc94e60097be/idna-3.4-py3-none-any.whl", hash = "sha256:90b77e79eaa3eba6de819a0c442c0b4ceefc341a7a2ab77d7562bf49f425c5c2", size = 61538 },
]

[[package]]
name = "numpy"
version = "2.1.2"
source = { registry = "https://pypi.org/simple" }
sdist = { url = "https://files.pythonhosted.org/packages/4b/d1/8a730ea07f4a37d94f9172f4ce1d81064b7a64766b460378be278952de75/numpy-2.1.2.tar.gz", hash = "sha256:13532a088217fa624c99b843eeb54640de23b3414b14aa66d023805eb731066c", size = 18878063 }
wheels = [
    { url = "https://files.pythonhosted.org/packages/a0/7d/554a6838f37f3ada5a55f25173c619d556ae98092a6e01afb6e710501d70/numpy-2.1.2-cp312-cp312-macosx_10_13_x86_64.whl", hash = "sha256:d7bf0a4f9f15b32b5ba53147369e94296f5fffb783db5aacc1be15b4bf72f43b", size = 20848077 },
    { url = "https://files.pythonhosted.org/packages/b0/29/cb48a402ea879e645b16218718f3f7d9588a77d674a9dcf22e4c43487636/numpy-2.1.2-cp312-cp312-macosx_11_0_arm64.whl", hash = "sha256:b1d0fcae4f0949f215d4632be684a539859b295e2d0cb14f78ec231915d644db", size = 13493242 },
    { url = "https://files.pythonhosted.org/packages/56/44/f899b0581766c230da42f751b7b8896d096640b19b312164c267e48d36cb/numpy-2.1.2-cp312-cp312-macosx_14_0_arm64.whl", hash = "sha256:f751ed0a2f250541e19dfca9f1eafa31a392c71c832b6bb9e113b10d050cb0f1", size = 5089219 },
    { url = "https://files.pythonhosted.org/packages/79/8f/b987070d45161a7a4504afc67ed38544ed2c0ed5576263599a0402204a9c/numpy-2.1.2-cp312-cp312-macosx_14_0_x86_64.whl", hash = "sha256:bd33f82e95ba7ad632bc57837ee99dba3d7e006536200c4e9124089e1bf42426", size = 6620167 },
    { url = "https://files.pythonhosted.org/packages/c4/a7/af3329fda3c3ec31d9b650e42bbcd3422fc62a765cbb1405fde4177a0996/numpy-2.1.2-cp312-cp312-manylinux_2_17_aarch64.manylinux2014_aarch64.whl", hash = "sha256:1b8cde4f11f0a975d1fd59373b32e2f5a562ade7cde4f85b7137f3de8fbb29a0", size = 13604905 },
    { url = "https://files.pythonhosted.org/packages/9b/b4/e3c7e6fab0f77fff6194afa173d1f2342073d91b1d3b4b30b17c3fb4407a/numpy-2.1.2-cp312-cp312-manylinux_2_17_x86_64.manylinux2014_x86_64.whl", hash = "sha256:6d95f286b8244b3649b477ac066c6906fbb2905f8ac19b170e2175d3d799f4df", size = 16041825 },
    { url = "https://files.pythonhosted.org/packages/e9/50/6828e66a78aa03147c111f84d55f33ce2dde547cb578d6744a3b06a0124b/numpy-2.1.2-cp312-cp312-musllinux_1_1_x86_64.whl", hash = "sha256:ab4754d432e3ac42d33a269c8567413bdb541689b02d93788af4131018cbf366", size = 16409541 },
    { url = "https://files.pythonhosted.org/packages/bf/72/66af7916d9c3c6dbfbc8acdd4930c65461e1953374a2bc43d00f948f004a/numpy-2.1.2-cp312-cp312-musllinux_1_2_aarch64.whl", hash = "sha256:e585c8ae871fd38ac50598f4763d73ec5497b0de9a0ab4ef5b69f01c6a046142", size = 14081134 },
    { url = "https://files.pythonhosted.org/packages/dc/5a/59a67d84f33fe00ae74f0b5b69dd4f93a586a4aba7f7e19b54b2133db038/numpy-2.1.2-cp312-cp312-win32.whl", hash = "sha256:9c6c754df29ce6a89ed23afb25550d1c2d5fdb9901d9c67a16e0b16eaf7e2550", size = 6237784 },
    { url = "https://files.pythonhosted.org/packages/4c/79/73735a6a5dad6059c085f240a4e74c9270feccd2bc66e4d31b5ca01d329c/numpy-2.1.2-cp312-cp312-win_amd64.whl", hash = "sha256:456e3b11cb79ac9946c822a56346ec80275eaf2950314b249b512896c0d2505e", size = 12568254 },
    { url = "https://files.pythonhosted.org/packages/16/72/716fa1dbe92395a9a623d5049203ff8ddb0cfce65b9df9117c3696ccc011/numpy-2.1.2-cp313-cp313-macosx_10_13_x86_64.whl", hash = "sha256:a84498e0d0a1174f2b3ed769b67b656aa5460c92c9554039e11f20a05650f00d", size = 20834690 },
    { url = "https://files.pythonhosted.org/packages/1e/fb/3e85a39511586053b5c6a59a643879e376fae22230ebfef9cfabb0e032e2/numpy-2.1.2-cp313-cp313-macosx_11_0_arm64.whl", hash = "sha256:4d6ec0d4222e8ffdab1744da2560f07856421b367928026fb540e1945f2eeeaf", size = 13507474 },
    { url = "https://files.pythonhosted.org/packages/35/eb/5677556d9ba13436dab51e129f98d4829d95cd1b6bd0e199c14485a4bdb9/numpy-2.1.2-cp313-cp313-macosx_14_0_arm64.whl", hash = "sha256:259ec80d54999cc34cd1eb8ded513cb053c3bf4829152a2e00de2371bd406f5e", size = 5074742 },
    { url = "https://files.pythonhosted.org/packages/3e/c5/6c5ef5ba41b65a7e51bed50dbf3e1483eb578055633dd013e811a28e96a1/numpy-2.1.2-cp313-cp313-macosx_14_0_x86_64.whl", hash = "sha256:675c741d4739af2dc20cd6c6a5c4b7355c728167845e3c6b0e824e4e5d36a6c3", size = 6606787 },
    { url = "https://files.pythonhosted.org/packages/08/ac/f2f29dd4fd325b379c7dc932a0ebab22f0e031dbe80b2f6019b291a3a544/numpy-2.1.2-cp313-cp313-manylinux_2_17_aarch64.manylinux2014_aarch64.whl", hash = "sha256:05b2d4e667895cc55e3ff2b56077e4c8a5604361fc21a042845ea3ad67465aa8", size = 13601333 },
    { url = "https://files.pythonhosted.org/packages/44/26/63f5f4e5089654dfb858f4892215ed968cd1a68e6f4a83f9961f84f855cb/numpy-2.1.2-cp313-cp313-manylinux_2_17_x86_64.manylinux2014_x86_64.whl", hash = "sha256:43cca367bf94a14aca50b89e9bc2061683116cfe864e56740e083392f533ce7a", size = 16038090 },
    { url = "https://files.pythonhosted.org/packages/1d/21/015e0594de9c3a8d5edd24943d2bd23f102ec71aec026083f822f86497e2/numpy-2.1.2-cp313-cp313-musllinux_1_1_x86_64.whl", hash = "sha256:76322dcdb16fccf2ac56f99048af32259dcc488d9b7e25b51e5eca5147a3fb98", size = 16410865 },
    { url = "https://files.pythonhosted.org/packages/df/01/c1bcf9e6025d79077fbf3f3ee503b50aa7bfabfcd8f4b54f5829f4c00f3f/numpy-2.1.2-cp313-cp313-musllinux_1_2_aarch64.whl", hash = "sha256:32e16a03138cabe0cb28e1007ee82264296ac0983714094380b408097a418cfe", size = 14078077 },
    { url = "https://files.pythonhosted.org/packages/ba/06/db9d127d63bd11591770ba9f3d960f8041e0f895184b9351d4b1b5b56983/numpy-2.1.2-cp313-cp313-win32.whl", hash = "sha256:242b39d00e4944431a3cd2db2f5377e15b5785920421993770cddb89992c3f3a", size = 6234904 },
    { url = "https://files.pythonhosted.org/packages/a9/96/9f61f8f95b6e0ea0aa08633b704c75d1882bdcb331bdf8bfd63263b25b00/numpy-2.1.2-cp313-cp313-win_amd64.whl", hash = "sha256:f2ded8d9b6f68cc26f8425eda5d3877b47343e68ca23d0d0846f4d312ecaa445", size = 12561910 },
    { url = "https://files.pythonhosted.org/packages/36/b8/033f627821784a48e8f75c218033471eebbaacdd933f8979c79637a1b44b/numpy-2.1.2-cp313-cp313t-macosx_10_13_x86_64.whl", hash = "sha256:2ffef621c14ebb0188a8633348504a35c13680d6da93ab5cb86f4e54b7e922b5", size = 20857719 },
    { url = "https://files.pythonhosted.org/packages/96/46/af5726fde5b74ed83f2f17a73386d399319b7ed4d51279fb23b721d0816d/numpy-2.1.2-cp313-cp313t-macosx_11_0_arm64.whl", hash = "sha256:ad369ed238b1959dfbade9018a740fb9392c5ac4f9b5173f420bd4f37ba1f7a0", size = 13518826 },
    { url = "https://files.pythonhosted.org/packages/db/6e/8ce677edf36da1c4dae80afe5529f47690697eb55b4864673af260ccea7b/numpy-2.1.2-cp313-cp313t-macosx_14_0_arm64.whl", hash = "sha256:d82075752f40c0ddf57e6e02673a17f6cb0f8eb3f587f63ca1eaab5594da5b17", size = 5115036 },
    { url = "https://files.pythonhosted.org/packages/6a/ba/3cce44fb1b8438042c11847048812a776f75ee0e7070179c22e4cfbf420c/numpy-2.1.2-cp313-cp313t-macosx_14_0_x86_64.whl", hash = "sha256:1600068c262af1ca9580a527d43dc9d959b0b1d8e56f8a05d830eea39b7c8af6", size = 6628641 },
    { url = "https://files.pythonhosted.org/packages/59/c8/e722998720ccbd35ffbcf1d1b8ed0aa2304af88d3f1c38e06ebf983599b3/numpy-2.1.2-cp313-cp313t-manylinux_2_17_aarch64.manylinux2014_aarch64.whl", hash = "sha256:a26ae94658d3ba3781d5e103ac07a876b3e9b29db53f68ed7df432fd033358a8", size = 13574803 },
    { url = "https://files.pythonhosted.org/packages/7c/8e/fc1fdd83a55476765329ac2913321c4aed5b082a7915095628c4ca30ea72/numpy-2.1.2-cp313-cp313t-manylinux_2_17_x86_64.manylinux2014_x86_64.whl", hash = "sha256:13311c2db4c5f7609b462bc0f43d3c465424d25c626d95040f073e30f7570e35", size = 16021174 },
    { url = "https://files.pythonhosted.org/packages/2a/b6/a790742aa88067adb4bd6c89a946778c1417d4deaeafce3ca928f26d4c52/numpy-2.1.2-cp313-cp313t-musllinux_1_1_x86_64.whl", hash = "sha256:2abbf905a0b568706391ec6fa15161fad0fb5d8b68d73c461b3c1bab6064dd62", size = 16400117 },
    { url = "https://files.pythonhosted.org/packages/48/6f/129e3c17e3befe7fefdeaa6890f4c4df3f3cf0831aa053802c3862da67aa/numpy-2.1.2-cp313-cp313t-musllinux_1_2_aarch64.whl", hash = "sha256:ef444c57d664d35cac4e18c298c47d7b504c66b17c2ea91312e979fcfbdfb08a", size = 14066202 },
]

[[package]]
name = "packaging"
version = "24.1"
source = { registry = "https://pypi.org/simple" }
sdist = { url = "https://files.pythonhosted.org/packages/51/65/50db4dda066951078f0a96cf12f4b9ada6e4b811516bf0262c0f4f7064d4/packaging-24.1.tar.gz", hash = "sha256:026ed72c8ed3fcce5bf8950572258698927fd1dbda10a5e981cdf0ac37f4f002", size = 148788 }
wheels = [
    { url = "https://files.pythonhosted.org/packages/08/aa/cc0199a5f0ad350994d660967a8efb233fe0416e4639146c089643407ce6/packaging-24.1-py3-none-any.whl", hash = "sha256:5b8f2217dbdbd2f7f384c41c628544e6d52f2d0f53c6d0c3ea61aa5d1d7ff124", size = 53985 },
]

[[package]]
name = "python-buddy"
version = "0.1.0"
source = { virtual = "." }
dependencies = [
    { name = "structlog" },
    { name = "transformers" },
]

[package.metadata]
requires-dist = [
    { name = "structlog", specifier = ">=25.4.0" },
    { name = "transformers", specifier = ">=4.56.0" },
]

[[package]]
name = "pyyaml"
version = "6.0.2"
source = { registry = "https://pypi.org/simple" }
sdist = { url = "https://files.pythonhosted.org/packages/54/ed/79a089b6be93607fa5cdaedf301d7dfb23af5f25c398d5ead2525b063e17/pyyaml-6.0.2.tar.gz", hash = "sha256:d584d9ec91ad65861cc08d42e834324ef890a082e591037abe114850ff7bbc3e", size = 130631 }
wheels = [
    { url = "https://files.pythonhosted.org/packages/86/0c/c581167fc46d6d6d7ddcfb8c843a4de25bdd27e4466938109ca68492292c/PyYAML-6.0.2-cp312-cp312-macosx_10_9_x86_64.whl", hash = "sha256:c70c95198c015b85feafc136515252a261a84561b7b1d51e3384e0655ddf25ab", size = 183873 },
    { url = "https://files.pythonhosted.org/packages/a8/0c/38374f5bb272c051e2a69281d71cba6fdb983413e6758b84482905e29a5d/PyYAML-6.0.2-cp312-cp312-macosx_11_0_arm64.whl", hash = "sha256:ce826d6ef20b1bc864f0a68340c8b3287705cae2f8b4b1d932177dcc76721725", size = 173302 },
    { url = "https://files.pythonhosted.org/packages/c3/93/9916574aa8c00aa06bbac729972eb1071d002b8e158bd0e83a3b9a20a1f7/PyYAML-6.0.2-cp312-cp312-manylinux_2_17_aarch64.manylinux2014_aarch64.whl", hash = "sha256:1f71ea527786de97d1a0cc0eacd1defc0985dcf6b3f17bb77dcfc8c34bec4dc5", size = 739154 },
    { url = "https://files.pythonhosted.org/packages/95/0f/b8938f1cbd09739c6da569d172531567dbcc9789e0029aa070856f123984/PyYAML-6.0.2-cp312-cp312-manylinux_2_17_s390x.manylinux2014_s390x.whl", hash = "sha256:9b22676e8097e9e22e36d6b7bda33190d0d400f345f23d4065d48f4ca7ae0425", size = 766223 },
    { url = "https://files.pythonhosted.org/packages/b9/2b/614b4752f2e127db5cc206abc23a8c19678e92b23c3db30fc86ab731d3bd/PyYAML-6.0.2-cp312-cp312-manylinux_2_17_x86_64.manylinux2014_x86_64.whl", hash = "sha256:80bab7bfc629882493af4aa31a4cfa43a4c57c83813253626916b8c7ada83476", size = 767542 },
    { url = "https://files.pythonhosted.org/packages/d4/00/dd137d5bcc7efea1836d6264f049359861cf548469d18da90cd8216cf05f/PyYAML-6.0.2-cp312-cp312-musllinux_1_1_aarch64.whl", hash = "sha256:0833f8694549e586547b576dcfaba4a6b55b9e96098b36cdc7ebefe667dfed48", size = 731164 },
    { url = "https://files.pythonhosted.org/packages/c9/1f/4f998c900485e5c0ef43838363ba4a9723ac0ad73a9dc42068b12aaba4e4/PyYAML-6.0.2-cp312-cp312-musllinux_1_1_x86_64.whl", hash = "sha256:8b9c7197f7cb2738065c481a0461e50ad02f18c78cd75775628afb4d7137fb3b", size = 756611 },
    { url = "https://files.pythonhosted.org/packages/df/d1/f5a275fdb252768b7a11ec63585bc38d0e87c9e05668a139fea92b80634c/PyYAML-6.0.2-cp312-cp312-win32.whl", hash = "sha256:ef6107725bd54b262d6dedcc2af448a266975032bc85ef0172c5f059da6325b4", size = 140591 },
    { url = "https://files.pythonhosted.org/packages/0c/e8/4f648c598b17c3d06e8753d7d13d57542b30d56e6c2dedf9c331ae56312e/PyYAML-6.0.2-cp312-cp312-win_amd64.whl", hash = "sha256:7e7401d0de89a9a855c839bc697c079a4af81cf878373abd7dc625847d25cbd8", size = 156338 },
    { url = "https://files.pythonhosted.org/packages/ef/e3/3af305b830494fa85d95f6d95ef7fa73f2ee1cc8ef5b495c7c3269fb835f/PyYAML-6.0.2-cp313-cp313-macosx_10_13_x86_64.whl", hash = "sha256:efdca5630322a10774e8e98e1af481aad470dd62c3170801852d752aa7a783ba", size = 181309 },
    { url = "https://files.pythonhosted.org/packages/45/9f/3b1c20a0b7a3200524eb0076cc027a970d320bd3a6592873c85c92a08731/PyYAML-6.0.2-cp313-cp313-macosx_11_0_arm64.whl", hash = "sha256:50187695423ffe49e2deacb8cd10510bc361faac997de9efef88badc3bb9e2d1", size = 171679 },
    { url = "https://files.pythonhosted.org/packages/7c/9a/337322f27005c33bcb656c655fa78325b730324c78620e8328ae28b64d0c/PyYAML-6.0.2-cp313-cp313-manylinux_2_17_aarch64.manylinux2014_aarch64.whl", hash = "sha256:0ffe8360bab4910ef1b9e87fb812d8bc0a308b0d0eef8c8f44e0254ab3b07133", size = 733428 },
    { url = "https://files.pythonhosted.org/packages/a3/69/864fbe19e6c18ea3cc196cbe5d392175b4cf3d5d0ac1403ec3f2d237ebb5/PyYAML-6.0.2-cp313-cp313-manylinux_2_17_s390x.manylinux2014_s390x.whl", hash = "sha256:17e311b6c678207928d649faa7cb0d7b4c26a0ba73d41e99c4fff6b6c3276484", size = 763361 },
    { url = "https://files.pythonhosted.org/packages/04/24/b7721e4845c2f162d26f50521b825fb061bc0a5afcf9a386840f23ea19fa/PyYAML-6.0.2-cp313-cp313-manylinux_2_17_x86_64.manylinux2014_x86_64.whl", hash = "sha256:70b189594dbe54f75ab3a1acec5f1e3faa7e8cf2f1e08d9b561cb41b845f69d5", size = 759523 },
    { url = "https://files.pythonhosted.org/packages/2b/b2/e3234f59ba06559c6ff63c4e10baea10e5e7df868092bf9ab40e5b9c56b6/PyYAML-6.0.2-cp313-cp313-musllinux_1_1_aarch64.whl", hash = "sha256:41e4e3953a79407c794916fa277a82531dd93aad34e29c2a514c2c0c5fe971cc", size = 726660 },
    { url = "https://files.pythonhosted.org/packages/fe/0f/25911a9f080464c59fab9027482f822b86bf0608957a5fcc6eaac85aa515/PyYAML-6.0.2-cp313-cp313-musllinux_1_1_x86_64.whl", hash = "sha256:68ccc6023a3400877818152ad9a1033e3db8625d899c72eacb5a668902e4d652", size = 751597 },
    { url = "https://files.pythonhosted.org/packages/14/0d/e2c3b43bbce3cf6bd97c840b46088a3031085179e596d4929729d8d68270/PyYAML-6.0.2-cp313-cp313-win32.whl", hash = "sha256:bc2fa7c6b47d6bc618dd7fb02ef6fdedb1090ec036abab80d4681424b84c1183", size = 140527 },
    { url = "https://files.pythonhosted.org/packages/fa/de/02b54f42487e3d3c6efb3f89428677074ca7bf43aae402517bc7cca949f3/PyYAML-6.0.2-cp313-cp313-win_amd64.whl", hash = "sha256:8388ee1976c416731879ac16da0aff3f63b286ffdd57cdeb95f3f2e085687563", size = 156446 },
]

[[package]]
name = "regex"
version = "2025.8.29"
source = { registry = "https://pypi.org/simple" }
sdist = { url = "https://files.pythonhosted.org/packages/e4/10/2d333227cf5198eb3252f2d50c8ade5cd2015f11c22403f0c9e3d529e81a/regex-2025.8.29.tar.gz", hash = "sha256:731ddb27a0900fa227dfba976b4efccec8c1c6fba147829bb52e71d49e91a5d7", size = 400817 }
wheels = [
    { url = "https://files.pythonhosted.org/packages/e3/a0/8c37d276a80ffda94f7e019e50cc88f898015512c7f104e49f1a0a6d3c59/regex-2025.8.29-cp312-cp312-macosx_10_13_universal2.whl", hash = "sha256:dd61f18dc4446bc3a2904559a61f32e98091cef7fb796e06fa35b9bfefe4c0c5", size = 485565 },
    { url = "https://files.pythonhosted.org/packages/5d/34/baf5963bec36ac250fa242f0f0e7670f013de5004db6caa31c872981df42/regex-2025.8.29-cp312-cp312-macosx_10_13_x86_64.whl", hash = "sha256:f21b416be10a8348a7313ba8c610569a1ab4bf8ec70731750540842a4551cd3d", size = 290073 },
    { url = "https://files.pythonhosted.org/packages/24/29/c5c18143cd60b736d7ff8acece126118fe5649f45a7a8db18e308f5f813d/regex-2025.8.29-cp312-cp312-macosx_11_0_arm64.whl", hash = "sha256:008947a7fa92f4cb3b28201c9aa7becc0a44c31a7c2fcb934356e1877baccc09", size = 286144 },
    { url = "https://files.pythonhosted.org/packages/86/7c/0d90b687d2a33fe28b201f85ddfde6b378bf41677aedbe23eb7dc79385aa/regex-2025.8.29-cp312-cp312-manylinux2014_aarch64.manylinux_2_17_aarch64.manylinux_2_28_aarch64.whl", hash = "sha256:e78ab1b3e68b890d7ebd69218cfbfe4a09dc00b8a47be8648510b81b932d55ff", size = 797417 },
    { url = "https://files.pythonhosted.org/packages/fb/67/c391c899e5ef274c4dd4ede029ffb853ddf5ba77aa251be02cfe3810574c/regex-2025.8.29-cp312-cp312-manylinux2014_ppc64le.manylinux_2_17_ppc64le.manylinux_2_28_ppc64le.whl", hash = "sha256:a848368797515bc141d3fad5fd2d81bf9e8a6a22d9ac1a4be4690dd22e997854", size = 862630 },
    { url = "https://files.pythonhosted.org/packages/08/20/ae749a68da3496a133836c8724649bd2e004fc176c7c6647d9cb269cc975/regex-2025.8.29-cp312-cp312-manylinux2014_s390x.manylinux_2_17_s390x.manylinux_2_28_s390x.whl", hash = "sha256:8eaf3ea6631f804efcf0f5bd0e4ab62ba984fd9b70e3aef44b05cc6b951cc728", size = 910837 },
    { url = "https://files.pythonhosted.org/packages/e2/80/bc4244ec79fba4185fd3a29d79f77f79b3b0dc12ee426687501b0b077e2a/regex-2025.8.29-cp312-cp312-manylinux2014_x86_64.manylinux_2_17_x86_64.manylinux_2_28_x86_64.whl", hash = "sha256:4561aeb36b0bf3bb44826e4b61a80c6ace0d8839bf4914d78f061f9ba61444b4", size = 801968 },
    { url = "https://files.pythonhosted.org/packages/ef/bd/a2d75042bb1d3c9997e22bc0051cb9791a405589d6293c874f7c2ba487e7/regex-2025.8.29-cp312-cp312-musllinux_1_2_aarch64.whl", hash = "sha256:93e077d1fbd24033fa427eab43d80ad47e449d25700cda78e8cac821a30090bf", size = 786626 },
    { url = "https://files.pythonhosted.org/packages/24/ab/19cec75bf7d335cc7595d4857591455de118f6bfb563e6731c31f4fe33c3/regex-2025.8.29-cp312-cp312-musllinux_1_2_ppc64le.whl", hash = "sha256:d92379e53d782bdb773988687300e3bccb91ad38157b754b04b1857aaeea16a3", size = 856532 },
    { url = "https://files.pythonhosted.org/packages/b6/3d/517cd0b0f4b8330164d03ef0eafdd61ee839f82b891fcd8c571d5c727117/regex-2025.8.29-cp312-cp312-musllinux_1_2_s390x.whl", hash = "sha256:d41726de2040c2a487bbac70fdd6e3ff2f1aa47dc91f0a29f6955a6dfa0f06b6", size = 848977 },
    { url = "https://files.pythonhosted.org/packages/ae/fc/b57e2644d87d038d7302f359f4042bf7092bd8259a3ae999adf236e6fbc0/regex-2025.8.29-cp312-cp312-musllinux_1_2_x86_64.whl", hash = "sha256:1915dfda52bd4d466f3a66b66988db1f647ee1d9c605858640ceeb779cffd908", size = 788112 },
    { url = "https://files.pythonhosted.org/packages/a9/2f/70737feddbd33ec9f3f0cb8b38e7fc89304eccc80fd693d79a6f336e2282/regex-2025.8.29-cp312-cp312-win32.whl", hash = "sha256:e2ef0087ad6949918836f215480a9331f6c59ad54912a9a412f08ab1c9ccbc98", size = 264487 },
    { url = "https://files.pythonhosted.org/packages/2f/f5/8832d05ecc5a7f80043e7521ea55adfa2d9b9ac0e646474153e7e13722c2/regex-2025.8.29-cp312-cp312-win_amd64.whl", hash = "sha256:c15d361fe9800bf38ef69c2e0c4b8b961ae4ce2f076fcf4f28e1fc9ea127f55a", size = 275455 },
    { url = "https://files.pythonhosted.org/packages/a5/f9/f10ae0c4e5e22db75dda155d83056e2b70c4e87b04ad9838723ff5057e90/regex-2025.8.29-cp312-cp312-win_arm64.whl", hash = "sha256:305577fab545e64fb84d9a24269aa3132dbe05e1d7fa74b3614e93ec598fe6e6", size = 268558 },
    { url = "https://files.pythonhosted.org/packages/42/db/2f0e1fbca855f3c519f3f8198817d14a9569ca939bc0cc86efd4da196d3e/regex-2025.8.29-cp313-cp313-macosx_10_13_universal2.whl", hash = "sha256:eed02e5c39f91268ea4ddf68ee19eed189d57c605530b7d32960f54325c52e7a", size = 485405 },
    { url = "https://files.pythonhosted.org/packages/15/ed/52afe839607719750acc87d144ec3db699adb9c1f40ecb6fa9f3700437b6/regex-2025.8.29-cp313-cp313-macosx_10_13_x86_64.whl", hash = "sha256:630d5c7e0a490db2fee3c7b282c8db973abcbb036a6e4e6dc06c4270965852be", size = 290014 },
    { url = "https://files.pythonhosted.org/packages/da/84/beb3becb129e41ae3e6bacd737aa751228ec0c17c707b9999648f050968c/regex-2025.8.29-cp313-cp313-macosx_11_0_arm64.whl", hash = "sha256:2206d3a30469e8fc8848139884168127f456efbaca8ae14809c26b98d2be15c6", size = 286059 },
    { url = "https://files.pythonhosted.org/packages/44/31/74476ac68cd5ed46634683cba634ab0885e917624d620c5959f67835554b/regex-2025.8.29-cp313-cp313-manylinux2014_aarch64.manylinux_2_17_aarch64.manylinux_2_28_aarch64.whl", hash = "sha256:394c492c398a9f9e17545e19f770c58b97e65963eedaa25bb879e80a03e2b327", size = 797490 },
    { url = "https://files.pythonhosted.org/packages/3f/97/1a8d109f891c4af31f43295304a51b76bc7aef4ce6d7953e4832f86c85f0/regex-2025.8.29-cp313-cp313-manylinux2014_ppc64le.manylinux_2_17_ppc64le.manylinux_2_28_ppc64le.whl", hash = "sha256:db8b0e05af08ff38d78544950e844b5f159032b66dedda19b3f9b17297248be7", size = 862562 },
    { url = "https://files.pythonhosted.org/packages/1b/a8/13d6ea4b8a0c7eed0e528dcb25cbdc3bc53e26b0928dc48d6c0381516c4a/regex-2025.8.29-cp313-cp313-manylinux2014_s390x.manylinux_2_17_s390x.manylinux_2_28_s390x.whl", hash = "sha256:cd7c1821eff911917c476d41030b422791ce282c23ee9e1b8f7681fd0993f1e4", size = 910790 },
    { url = "https://files.pythonhosted.org/packages/10/b3/1c7320c1fdc6569a086949d2c5b7b742696098c28a6c83ca909b8d36d17b/regex-2025.8.29-cp313-cp313-manylinux2014_x86_64.manylinux_2_17_x86_64.manylinux_2_28_x86_64.whl", hash = "sha256:0b4d8a7f75da748a2d0c045600259f1899c9dd8dd9d3da1daa50bf534c3fa5ba", size = 802016 },
    { url = "https://files.pythonhosted.org/packages/7a/b5/f3613b70a569b6309cd2a61ae869407b45cff25c9734f5ff179b416e9615/regex-2025.8.29-cp313-cp313-musllinux_1_2_aarch64.whl", hash = "sha256:5cd74545c32e0da0d489c2293101a82f4a1b88050c235e45509e4123017673b2", size = 786740 },
    { url = "https://files.pythonhosted.org/packages/e0/8a/9f16babae23011acbd27f886c4817159508f4f3209bcfce4bc2b8f12f2ba/regex-2025.8.29-cp313-cp313-musllinux_1_2_ppc64le.whl", hash = "sha256:97b98ea38fc3c1034f3d7bd30288d2c5b3be8cdcd69e2061d1c86cb14644a27b", size = 856533 },
    { url = "https://files.pythonhosted.org/packages/4d/d0/adca6eec8ed79541edadecf8b512d7a3960c2ba983d2e5baf68dbddd7a90/regex-2025.8.29-cp313-cp313-musllinux_1_2_s390x.whl", hash = "sha256:8decb26f271b989d612c5d99db5f8f741dcd63ece51c59029840070f5f9778bf", size = 849083 },
    { url = "https://files.pythonhosted.org/packages/46/cc/37fddb2a17cefffb43b9dfd5f585a6cd6f90ee5b32c821886d0c0c3bc243/regex-2025.8.29-cp313-cp313-musllinux_1_2_x86_64.whl", hash = "sha256:62141843d1ec079cd66604424af566e542e7e072b2d9e37165d414d2e6e271dd", size = 788177 },
    { url = "https://files.pythonhosted.org/packages/f5/ea/413fe88ce5ac2418223434aa1603d92134b74deed6007dc6e4c37d83bbcd/regex-2025.8.29-cp313-cp313-win32.whl", hash = "sha256:dd23006c90d9ff0c2e4e5f3eaf8233dcefe45684f2acb330869ec5c2aa02b1fb", size = 264473 },
    { url = "https://files.pythonhosted.org/packages/5a/73/d07bc1d1969e41bf1637a8aad4228da506747f4c94415ef03c534c7d68d6/regex-2025.8.29-cp313-cp313-win_amd64.whl", hash = "sha256:d41a71342819bdfe87c701f073a14ea4bd3f847333d696c7344e9ff3412b7f70", size = 275438 },
    { url = "https://files.pythonhosted.org/packages/86/cd/2e05fc85ebee6fe6c5073c9b0c737a473c226422d75e93903810b247a9fe/regex-2025.8.29-cp313-cp313-win_arm64.whl", hash = "sha256:54018e66344d60b214f4aa151c046e0fa528221656f4f7eba5a787ccc7057312", size = 268553 },
    { url = "https://files.pythonhosted.org/packages/2e/2d/2aa4b98231017994ea52d05c13997778af415f5d7faa7f90988a640dac44/regex-2025.8.29-cp314-cp314-macosx_10_13_universal2.whl", hash = "sha256:c03308757831a8d89e7c007abb75d1d4c9fbca003b5fb32755d4475914535f08", size = 485447 },
    { url = "https://files.pythonhosted.org/packages/b7/b4/ed3241bb99a0783fe650d8511924c7c43f704b720fab3e353393bea8c96a/regex-2025.8.29-cp314-cp314-macosx_10_13_x86_64.whl", hash = "sha256:0d4b71791975fc203e0e6c50db974abb23a8df30729c1ac4fd68c9f2bb8c9358", size = 289862 },
    { url = "https://files.pythonhosted.org/packages/ba/f6/5237a7d0b2bd64bb216d06470549bc4cc33de57033772e3018708636a027/regex-2025.8.29-cp314-cp314-macosx_11_0_arm64.whl", hash = "sha256:284fcd2dcb613e8b89b22a30cf42998c9a73ee360b8a24db8457d24f5c42282e", size = 286211 },
    { url = "https://files.pythonhosted.org/packages/58/eb/05568fdc4028d1b339fb950fe6b92ade2613edd6423291939c8e29b21e8a/regex-2025.8.29-cp314-cp314-manylinux2014_aarch64.manylinux_2_17_aarch64.manylinux_2_28_aarch64.whl", hash = "sha256:b394b5157701b22cf63699c792bfeed65fbfeacbd94fea717a9e2036a51148ab", size = 797826 },
    { url = "https://files.pythonhosted.org/packages/3d/2a/a3c1c209faa1f6a218e64c5a235e06f6f36c45b5aa924c6bf75241a996f7/regex-2025.8.29-cp314-cp314-manylinux2014_ppc64le.manylinux_2_17_ppc64le.manylinux_2_28_ppc64le.whl", hash = "sha256:ea197ac22396faf5e70c87836bb89f94ed5b500e1b407646a4e5f393239611f1", size = 863338 },
    { url = "https://files.pythonhosted.org/packages/dd/66/5e96f217662387742c0d9732e97129850bd3243e019309c1fbdcd62b5421/regex-2025.8.29-cp314-cp314-manylinux2014_s390x.manylinux_2_17_s390x.manylinux_2_28_s390x.whl", hash = "sha256:decd84f195c08b3d9d0297a7e310379aae13ca7e166473534508c81b95c74bba", size = 910176 },
    { url = "https://files.pythonhosted.org/packages/fc/f2/975e77333267f9652bc2cc926382d8c9d86683eb84d1989459e644ac818b/regex-2025.8.29-cp314-cp314-manylinux2014_x86_64.manylinux_2_17_x86_64.manylinux_2_28_x86_64.whl", hash = "sha256:ebaf81f7344dbf1a2b383e35923648de8f78fb262cf04154c82853887ac3e684", size = 801784 },
    { url = "https://files.pythonhosted.org/packages/75/d9/b25dbf9729b5a5958a804e91b376fe8e829ec10c0d7edb4b1ad91070132b/regex-2025.8.29-cp314-cp314-musllinux_1_2_aarch64.whl", hash = "sha256:d82fb8a97e5ed8f1d3ed7f8e0e7fe1760faa95846c0d38b314284dfdbe86b229", size = 786799 },
    { url = "https://files.pythonhosted.org/packages/1d/0a/7f8de7ea41d7a3a21dfcb9dcea7b727fdde9e35d74a23e16ef5edcd68005/regex-2025.8.29-cp314-cp314-musllinux_1_2_ppc64le.whl", hash = "sha256:1dcec2448ed0062f63e82ca02d1d05f74d4127cb6a9d76a73df60e81298d380b", size = 857380 },
    { url = "https://files.pythonhosted.org/packages/f8/40/494600424c394a507070b41fc0666ceaa7dccf62c3220a76833eb11de647/regex-2025.8.29-cp314-cp314-musllinux_1_2_s390x.whl", hash = "sha256:d0ffe4a3257a235f9d39b99c6f1bc53c7a4b11f28565726b1aa00a5787950d60", size = 848570 },
    { url = "https://files.pythonhosted.org/packages/be/d0/6988feb7c15bb3df7b944a10b3b58fb238c94987c70a991ba87e3685e1cd/regex-2025.8.29-cp314-cp314-musllinux_1_2_x86_64.whl", hash = "sha256:5421a2d2026e8189500f12375cfd80a9a1914466d446edd28b37eb33c1953b39", size = 787926 },
    { url = "https://files.pythonhosted.org/packages/98/16/d719b131b0577a2a975376b3e673fc7f89b9998d54753f0419d59d33b3a1/regex-2025.8.29-cp314-cp314-win32.whl", hash = "sha256:ceeeaab602978c8eac3b25b8707f21a69c0bcd179d9af72519da93ef3966158f", size = 269805 },
    { url = "https://files.pythonhosted.org/packages/a5/b7/50d3bb5df25ae73e7aee186a2f1e4f1ed5e4d54006bdf5abd558c1ce9e7a/regex-2025.8.29-cp314-cp314-win_amd64.whl", hash = "sha256:5ba4f8b0d5b88c33fe4060e6def58001fd8334b03c7ce2126964fa8851ab5d1b", size = 278710 },
    { url = "https://files.pythonhosted.org/packages/0f/34/c723ebe214c33000b53e0eebdc63ad3697d5611c7fa9b388eef2113a5e82/regex-2025.8.29-cp314-cp314-win_arm64.whl", hash = "sha256:7b4a3dc155984f09a55c64b90923cb136cd0dad21ca0168aba2382d90ea4c546", size = 271832 },
]

[[package]]
name = "requests"
version = "2.28.1"
source = { registry = "https://pypi.org/simple" }
dependencies = [
    { name = "certifi" },
    { name = "charset-normalizer" },
    { name = "idna" },
    { name = "urllib3" },
]
sdist = { url = "https://files.pythonhosted.org/packages/a5/61/a867851fd5ab77277495a8709ddda0861b28163c4613b011bc00228cc724/requests-2.28.1.tar.gz", hash = "sha256:7c5599b102feddaa661c826c56ab4fee28bfd17f5abca1ebbe3e7f19d7c97983", size = 109805 }
wheels = [
    { url = "https://files.pythonhosted.org/packages/ca/91/6d9b8ccacd0412c08820f72cebaa4f0c0441b5cda699c90f618b6f8a1b42/requests-2.28.1-py3-none-any.whl", hash = "sha256:8fefa2a1a1365bf5520aac41836fbee479da67864514bdb821f31ce07ce65349", size = 62843 },
]

[[package]]
name = "safetensors"
version = "0.6.2"
source = { registry = "https://pypi.org/simple" }
sdist = { url = "https://files.pythonhosted.org/packages/ac/cc/738f3011628920e027a11754d9cae9abec1aed00f7ae860abbf843755233/safetensors-0.6.2.tar.gz", hash = "sha256:43ff2aa0e6fa2dc3ea5524ac7ad93a9839256b8703761e76e2d0b2a3fa4f15d9", size = 197968 }
wheels = [
    { url = "https://files.pythonhosted.org/packages/4d/b1/3f5fd73c039fc87dba3ff8b5d528bfc5a32b597fea8e7a6a4800343a17c7/safetensors-0.6.2-cp38-abi3-macosx_10_12_x86_64.whl", hash = "sha256:9c85ede8ec58f120bad982ec47746981e210492a6db876882aa021446af8ffba", size = 454797 },
    { url = "https://files.pythonhosted.org/packages/8c/c9/bb114c158540ee17907ec470d01980957fdaf87b4aa07914c24eba87b9c6/safetensors-0.6.2-cp38-abi3-macosx_11_0_arm64.whl", hash = "sha256:d6675cf4b39c98dbd7d940598028f3742e0375a6b4d4277e76beb0c35f4b843b", size = 432206 },
    { url = "https://files.pythonhosted.org/packages/d3/8e/f70c34e47df3110e8e0bb268d90db8d4be8958a54ab0336c9be4fe86dac8/safetensors-0.6.2-cp38-abi3-manylinux_2_17_aarch64.manylinux2014_aarch64.whl", hash = "sha256:1d2d2b3ce1e2509c68932ca03ab8f20570920cd9754b05063d4368ee52833ecd", size = 473261 },
    { url = "https://files.pythonhosted.org/packages/2a/f5/be9c6a7c7ef773e1996dc214e73485286df1836dbd063e8085ee1976f9cb/safetensors-0.6.2-cp38-abi3-manylinux_2_17_armv7l.manylinux2014_armv7l.whl", hash = "sha256:93de35a18f46b0f5a6a1f9e26d91b442094f2df02e9fd7acf224cfec4238821a", size = 485117 },
    { url = "https://files.pythonhosted.org/packages/c9/55/23f2d0a2c96ed8665bf17a30ab4ce5270413f4d74b6d87dd663258b9af31/safetensors-0.6.2-cp38-abi3-manylinux_2_17_ppc64le.manylinux2014_ppc64le.whl", hash = "sha256:89a89b505f335640f9120fac65ddeb83e40f1fd081cb8ed88b505bdccec8d0a1", size = 616154 },
    { url = "https://files.pythonhosted.org/packages/98/c6/affb0bd9ce02aa46e7acddbe087912a04d953d7a4d74b708c91b5806ef3f/safetensors-0.6.2-cp38-abi3-manylinux_2_17_s390x.manylinux2014_s390x.whl", hash = "sha256:fc4d0d0b937e04bdf2ae6f70cd3ad51328635fe0e6214aa1fc811f3b576b3bda", size = 520713 },
    { url = "https://files.pythonhosted.org/packages/fe/5d/5a514d7b88e310c8b146e2404e0dc161282e78634d9358975fd56dfd14be/safetensors-0.6.2-cp38-abi3-manylinux_2_17_x86_64.manylinux2014_x86_64.whl", hash = "sha256:8045db2c872db8f4cbe3faa0495932d89c38c899c603f21e9b6486951a5ecb8f", size = 485835 },
    { url = "https://files.pythonhosted.org/packages/7a/7b/4fc3b2ba62c352b2071bea9cfbad330fadda70579f617506ae1a2f129cab/safetensors-0.6.2-cp38-abi3-manylinux_2_5_i686.manylinux1_i686.whl", hash = "sha256:81e67e8bab9878bb568cffbc5f5e655adb38d2418351dc0859ccac158f753e19", size = 521503 },
    { url = "https://files.pythonhosted.org/packages/5a/50/0057e11fe1f3cead9254315a6c106a16dd4b1a19cd247f7cc6414f6b7866/safetensors-0.6.2-cp38-abi3-musllinux_1_2_aarch64.whl", hash = "sha256:b0e4d029ab0a0e0e4fdf142b194514695b1d7d3735503ba700cf36d0fc7136ce", size = 652256 },
    { url = "https://files.pythonhosted.org/packages/e9/29/473f789e4ac242593ac1656fbece6e1ecd860bb289e635e963667807afe3/safetensors-0.6.2-cp38-abi3-musllinux_1_2_armv7l.whl", hash = "sha256:fa48268185c52bfe8771e46325a1e21d317207bcabcb72e65c6e28e9ffeb29c7", size = 747281 },
    { url = "https://files.pythonhosted.org/packages/68/52/f7324aad7f2df99e05525c84d352dc217e0fa637a4f603e9f2eedfbe2c67/safetensors-0.6.2-cp38-abi3-musllinux_1_2_i686.whl", hash = "sha256:d83c20c12c2d2f465997c51b7ecb00e407e5f94d7dec3ea0cc11d86f60d3fde5", size = 692286 },
    { url = "https://files.pythonhosted.org/packages/ad/fe/cad1d9762868c7c5dc70c8620074df28ebb1a8e4c17d4c0cb031889c457e/safetensors-0.6.2-cp38-abi3-musllinux_1_2_x86_64.whl", hash = "sha256:d944cea65fad0ead848b6ec2c37cc0b197194bec228f8020054742190e9312ac", size = 655957 },
    { url = "https://files.pythonhosted.org/packages/59/a7/e2158e17bbe57d104f0abbd95dff60dda916cf277c9f9663b4bf9bad8b6e/safetensors-0.6.2-cp38-abi3-win32.whl", hash = "sha256:cab75ca7c064d3911411461151cb69380c9225798a20e712b102edda2542ddb1", size = 308926 },
    { url = "https://files.pythonhosted.org/packages/2c/c3/c0be1135726618dc1e28d181b8c442403d8dbb9e273fd791de2d4384bcdd/safetensors-0.6.2-cp38-abi3-win_amd64.whl", hash = "sha256:c7b214870df923cbc1593c3faee16bec59ea462758699bd3fee399d00aac072c", size = 320192 },
]

[[package]]
name = "structlog"
version = "25.4.0"
source = { registry = "https://pypi.org/simple" }
sdist = { url = "https://files.pythonhosted.org/packages/79/b9/6e672db4fec07349e7a8a8172c1a6ae235c58679ca29c3f86a61b5e59ff3/structlog-25.4.0.tar.gz", hash = "sha256:186cd1b0a8ae762e29417095664adf1d6a31702160a46dacb7796ea82f7409e4", size = 1369138 }
wheels = [
    { url = "https://files.pythonhosted.org/packages/a0/4a/97ee6973e3a73c74c8120d59829c3861ea52210667ec3e7a16045c62b64d/structlog-25.4.0-py3-none-any.whl", hash = "sha256:fe809ff5c27e557d14e613f45ca441aabda051d119ee5a0102aaba6ce40eed2c", size = 68720 },
]

[[package]]
name = "tokenizers"
version = "0.22.0"
source = { registry = "https://pypi.org/simple" }
dependencies = [
    { name = "huggingface-hub" },
]
sdist = { url = "https://files.pythonhosted.org/packages/5e/b4/c1ce3699e81977da2ace8b16d2badfd42b060e7d33d75c4ccdbf9dc920fa/tokenizers-0.22.0.tar.gz", hash = "sha256:2e33b98525be8453f355927f3cab312c36cd3e44f4d7e9e97da2fa94d0a49dcb", size = 362771 }
wheels = [
    { url = "https://files.pythonhosted.org/packages/6d/b1/18c13648edabbe66baa85fe266a478a7931ddc0cd1ba618802eb7b8d9865/tokenizers-0.22.0-cp39-abi3-macosx_10_12_x86_64.whl", hash = "sha256:eaa9620122a3fb99b943f864af95ed14c8dfc0f47afa3b404ac8c16b3f2bb484", size = 3081954 },
    { url = "https://files.pythonhosted.org/packages/c2/02/c3c454b641bd7c4f79e4464accfae9e7dfc913a777d2e561e168ae060362/tokenizers-0.22.0-cp39-abi3-macosx_11_0_arm64.whl", hash = "sha256:71784b9ab5bf0ff3075bceeb198149d2c5e068549c0d18fe32d06ba0deb63f79", size = 2945644 },
    { url = "https://files.pythonhosted.org/packages/55/02/d10185ba2fd8c2d111e124c9d92de398aee0264b35ce433f79fb8472f5d0/tokenizers-0.22.0-cp39-abi3-manylinux_2_17_aarch64.manylinux2014_aarch64.whl", hash = "sha256:ec5b71f668a8076802b0241a42387d48289f25435b86b769ae1837cad4172a17", size = 3254764 },
    { url = "https://files.pythonhosted.org/packages/13/89/17514bd7ef4bf5bfff58e2b131cec0f8d5cea2b1c8ffe1050a2c8de88dbb/tokenizers-0.22.0-cp39-abi3-manylinux_2_17_armv7l.manylinux2014_armv7l.whl", hash = "sha256:ea8562fa7498850d02a16178105b58803ea825b50dc9094d60549a7ed63654bb", size = 3161654 },
    { url = "https://files.pythonhosted.org/packages/5a/d8/bac9f3a7ef6dcceec206e3857c3b61bb16c6b702ed7ae49585f5bd85c0ef/tokenizers-0.22.0-cp39-abi3-manylinux_2_17_i686.manylinux2014_i686.whl", hash = "sha256:4136e1558a9ef2e2f1de1555dcd573e1cbc4a320c1a06c4107a3d46dc8ac6e4b", size = 3511484 },
    { url = "https://files.pythonhosted.org/packages/aa/27/9c9800eb6763683010a4851db4d1802d8cab9cec114c17056eccb4d4a6e0/tokenizers-0.22.0-cp39-abi3-manylinux_2_17_ppc64le.manylinux2014_ppc64le.whl", hash = "sha256:cdf5954de3962a5fd9781dc12048d24a1a6f1f5df038c6e95db328cd22964206", size = 3712829 },
    { url = "https://files.pythonhosted.org/packages/10/e3/b1726dbc1f03f757260fa21752e1921445b5bc350389a8314dd3338836db/tokenizers-0.22.0-cp39-abi3-manylinux_2_17_s390x.manylinux2014_s390x.whl", hash = "sha256:8337ca75d0731fc4860e6204cc24bb36a67d9736142aa06ed320943b50b1e7ed", size = 3408934 },
    { url = "https://files.pythonhosted.org/packages/d4/61/aeab3402c26874b74bb67a7f2c4b569dde29b51032c5384db592e7b216f4/tokenizers-0.22.0-cp39-abi3-manylinux_2_17_x86_64.manylinux2014_x86_64.whl", hash = "sha256:a89264e26f63c449d8cded9061adea7b5de53ba2346fc7e87311f7e4117c1cc8", size = 3345585 },
    { url = "https://files.pythonhosted.org/packages/bc/d3/498b4a8a8764cce0900af1add0f176ff24f475d4413d55b760b8cdf00893/tokenizers-0.22.0-cp39-abi3-musllinux_1_2_aarch64.whl", hash = "sha256:790bad50a1b59d4c21592f9c3cf5e5cf9c3c7ce7e1a23a739f13e01fb1be377a", size = 9322986 },
    { url = "https://files.pythonhosted.org/packages/a2/62/92378eb1c2c565837ca3cb5f9569860d132ab9d195d7950c1ea2681dffd0/tokenizers-0.22.0-cp39-abi3-musllinux_1_2_armv7l.whl", hash = "sha256:76cf6757c73a10ef10bf06fa937c0ec7393d90432f543f49adc8cab3fb6f26cb", size = 9276630 },
    { url = "https://files.pythonhosted.org/packages/eb/f0/342d80457aa1cda7654327460f69db0d69405af1e4c453f4dc6ca7c4a76e/tokenizers-0.22.0-cp39-abi3-musllinux_1_2_i686.whl", hash = "sha256:1626cb186e143720c62c6c6b5371e62bbc10af60481388c0da89bc903f37ea0c", size = 9547175 },
    { url = "https://files.pythonhosted.org/packages/14/84/8aa9b4adfc4fbd09381e20a5bc6aa27040c9c09caa89988c01544e008d18/tokenizers-0.22.0-cp39-abi3-musllinux_1_2_x86_64.whl", hash = "sha256:da589a61cbfea18ae267723d6b029b84598dc8ca78db9951d8f5beff72d8507c", size = 9692735 },
    { url = "https://files.pythonhosted.org/packages/bf/24/83ee2b1dc76bfe05c3142e7d0ccdfe69f0ad2f1ebf6c726cea7f0874c0d0/tokenizers-0.22.0-cp39-abi3-win32.whl", hash = "sha256:dbf9d6851bddae3e046fedfb166f47743c1c7bd11c640f0691dd35ef0bcad3be", size = 2471915 },
    { url = "https://files.pythonhosted.org/packages/d1/9b/0e0bf82214ee20231845b127aa4a8015936ad5a46779f30865d10e404167/tokenizers-0.22.0-cp39-abi3-win_amd64.whl", hash = "sha256:c78174859eeaee96021f248a56c801e36bfb6bd5b067f2e95aa82445ca324f00", size = 2680494 },
]

[[package]]
name = "tqdm"
version = "4.66.5"
source = { registry = "https://pypi.org/simple" }
dependencies = [
    { name = "colorama", marker = "sys_platform == 'win32'" },
]
sdist = { url = "https://files.pythonhosted.org/packages/58/83/6ba9844a41128c62e810fddddd72473201f3eacde02046066142a2d96cc5/tqdm-4.66.5.tar.gz", hash = "sha256:e1020aef2e5096702d8a025ac7d16b1577279c9d63f8375b63083e9a5f0fcbad", size = 169504 }
wheels = [
    { url = "https://files.pythonhosted.org/packages/48/5d/acf5905c36149bbaec41ccf7f2b68814647347b72075ac0b1fe3022fdc73/tqdm-4.66.5-py3-none-any.whl", hash = "sha256:90279a3770753eafc9194a0364852159802111925aa30eb3f9d85b0e805ac7cd", size = 78351 },
]

[[package]]
name = "transformers"
version = "4.56.0"
source = { registry = "https://pypi.org/simple" }
dependencies = [
    { name = "filelock" },
    { name = "huggingface-hub" },
    { name = "numpy" },
    { name = "packaging" },
    { name = "pyyaml" },
    { name = "regex" },
    { name = "requests" },
    { name = "safetensors" },
    { name = "tokenizers" },
    { name = "tqdm" },
]
sdist = { url = "https://files.pythonhosted.org/packages/e9/40/2898c1a5f8b2fff2f94dffd856d6793320e590e1cfdc3a1453c31c364094/transformers-4.56.0.tar.gz", hash = "sha256:6ca9c3f38aa4da93ebf877db7156368c1c188c7465f09dbe70951e7622e987fa", size = 9840426 }
wheels = [
    { url = "https://files.pythonhosted.org/packages/98/41/6ba7c2eafa839069f1f949c30cd22e791b14b90c7af8cb0c65cc47702dca/transformers-4.56.0-py3-none-any.whl", hash = "sha256:bacf539c38dd850690856881c4974321af93a22f2ee96bcc994741a2121d8e71", size = 11607938 },
]

[[package]]
name = "typing-extensions"
version = "4.12.2"
source = { registry = "https://pypi.org/simple" }
sdist = { url = "https://files.pythonhosted.org/packages/df/db/f35a00659bc03fec321ba8bce9420de607a1d37f8342eee1863174c69557/typing_extensions-4.12.2.tar.gz", hash = "sha256:1a7ead55c7e559dd4dee8856e3a88b41225abfe1ce8df57b7c13915fe121ffb8", size = 85321 }
wheels = [
    { url = "https://files.pythonhosted.org/packages/26/9f/ad63fc0248c5379346306f8668cda6e2e2e9c95e01216d2b8ffd9ff037d0/typing_extensions-4.12.2-py3-none-any.whl", hash = "sha256:04e5ca0351e0f3f85c6853954072df659d0d13fac324d0072316b67d7794700d", size = 37438 },
]

[[package]]
name = "urllib3"
version = "1.26.13"
source = { registry = "https://pypi.org/simple" }
sdist = { url = "https://files.pythonhosted.org/packages/c2/51/32da03cf19d17d46cce5c731967bf58de9bd71db3a379932f53b094deda4/urllib3-1.26.13.tar.gz", hash = "sha256:c083dd0dce68dbfbe1129d5271cb90f9447dea7d52097c6e0126120c521ddea8", size = 300476 }
wheels = [
    { url = "https://files.pythonhosted.org/packages/65/0c/cc6644eaa594585e5875f46f3c83ee8762b647b51fc5b0fb253a242df2dc/urllib3-1.26.13-py2.py3-none-any.whl", hash = "sha256:47cc05d99aaa09c9e72ed5809b60e7ba354e64b59c9c173ac3018642d8bb41fc", size = 140572 },
]
